{
	"name": "material-3-back-helpers",
	"lockfileVersion": 3,
	"requires": true,
	"packages": {
		"": {
			"name": "material-3-back-helpers",
			"devDependencies": {
				"@material/web": "^1.1.1",
				"typescript": "^5.3.3"
			}
		},
		"node_modules/@lit-labs/ssr-dom-shim": {
			"version": "1.1.2",
			"resolved": "https://registry.npmjs.org/@lit-labs/ssr-dom-shim/-/ssr-dom-shim-1.1.2.tgz",
			"integrity": "sha512-jnOD+/+dSrfTWYfSXBXlo5l5f0q1UuJo3tkbMDCYA2lKUYq79jaxqtGEvnRoh049nt1vdo1+45RinipU6FGY2g==",
			"dev": true
		},
		"node_modules/@lit/reactive-element": {
			"version": "2.0.3",
			"resolved": "https://registry.npmjs.org/@lit/reactive-element/-/reactive-element-2.0.3.tgz",
			"integrity": "sha512-e067EuTNNgOHm1tZcc0Ia7TCzD/9ZpoPegHKgesrGK6pSDRGkGDAQbYuQclqLPIoJ9eC8Kb9mYtGryWcM5AywA==",
			"dev": true,
			"dependencies": {
				"@lit-labs/ssr-dom-shim": "^1.1.2"
			}
		},
		"node_modules/@material/web": {
			"version": "1.1.1",
			"resolved": "https://registry.npmjs.org/@material/web/-/web-1.1.1.tgz",
			"integrity": "sha512-K7N9yQrQmB42rwvtbVlwK8SGT99oUcqTdHZkxan4v9klcIUYB5BdqlT8CSKYhKFMU6zITHP628E2u+qpYhLYsw==",
			"dev": true,
			"dependencies": {
				"lit": "^2.7.4 || ^3.0.0",
				"tslib": "^2.4.0"
			}
		},
		"node_modules/@types/trusted-types": {
			"version": "2.0.7",
			"resolved": "https://registry.npmjs.org/@types/trusted-types/-/trusted-types-2.0.7.tgz",
			"integrity": "sha512-ScaPdn1dQczgbl0QFTeTOmVHFULt394XJgOQNoyVhZ6r2vLnMLJfBPd53SB52T/3G36VI1/g2MZaX0cwDuXsfw==",
			"dev": true
		},
		"node_modules/lit": {
			"version": "3.1.1",
			"resolved": "https://registry.npmjs.org/lit/-/lit-3.1.1.tgz",
			"integrity": "sha512-hF1y4K58+Gqrz+aAPS0DNBwPqPrg6P04DuWK52eMkt/SM9Qe9keWLcFgRcEKOLuDlRZlDsDbNL37Vr7ew1VCuw==",
			"dev": true,
			"dependencies": {
				"@lit/reactive-element": "^2.0.0",
				"lit-element": "^4.0.0",
				"lit-html": "^3.1.0"
			}
		},
		"node_modules/lit-element": {
			"version": "4.0.3",
			"resolved": "https://registry.npmjs.org/lit-element/-/lit-element-4.0.3.tgz",
			"integrity": "sha512-2vhidmC7gGLfnVx41P8UZpzyS0Fb8wYhS5RCm16cMW3oERO0Khd3EsKwtRpOnttuByI5rURjT2dfoA7NlInCNw==",
			"dev": true,
			"dependencies": {
				"@lit-labs/ssr-dom-shim": "^1.1.2",
				"@lit/reactive-element": "^2.0.0",
				"lit-html": "^3.1.0"
			}
		},
		"node_modules/lit-html": {
			"version": "3.1.1",
			"resolved": "https://registry.npmjs.org/lit-html/-/lit-html-3.1.1.tgz",
			"integrity": "sha512-x/EwfGk2D/f4odSFM40hcGumzqoKv0/SUh6fBO+1Ragez81APrcAMPo1jIrCDd9Sn+Z4CT867HWKViByvkDZUA==",
			"dev": true,
			"dependencies": {
				"@types/trusted-types": "^2.0.2"
			}
		},
		"node_modules/tslib": {
			"version": "2.6.2",
			"resolved": "https://registry.npmjs.org/tslib/-/tslib-2.6.2.tgz",
			"integrity": "sha512-AEYxH93jGFPn/a2iVAwW87VuUIkR1FVUKB77NwMF7nBTDkDrrT/Hpt/IrCJ0QXhW27jTBDcf5ZY7w6RiqTMw2Q==",
			"dev": true
		},
		"node_modules/typescript": {
			"version": "5.3.3",
			"resolved": "https://registry.npmjs.org/typescript/-/typescript-5.3.3.tgz",
			"integrity": "sha512-pXWcraxM0uxAS+tN0AG/BF2TyqmHO014Z070UsJ+pFvYuRSq8KH8DmWpnbXe0pEPDHXZV3FcAbJkijJ5oNEnWw==",
			"dev": true,
			"bin": {
				"tsc": "bin/tsc",
				"tsserver": "bin/tsserver"
			},
			"engines": {
				"node": ">=14.17"
			}
		}
	}
}
